
Microsoft Visual Studio Solution File, Format Version 12.00
Project("{FAE04EC0-301F-11D3-BF4B-00C04F79EFBC}") = "application", "application\application.csproj", "{071B2D89-3ACE-4725-92DB-9062936FEB00}"
EndProject
Project("{FAE04EC0-301F-11D3-BF4B-00C04F79EFBC}") = "tests", "tests\tests.csproj", "{B56024C6-22A1-4C14-BED7-3C967A40EFD6}"
EndProject
Global
	GlobalSection(SolutionConfigurationPlatforms) = preSolution
		Debug|Any CPU = Debug|Any CPU
		Release|Any CPU = Release|Any CPU
	EndGlobalSection
	GlobalSection(ProjectConfigurationPlatforms) = postSolution
		{071B2D89-3ACE-4725-92DB-9062936FEB00}.Debug|Any CPU.ActiveCfg = Debug|Any CPU
		{071B2D89-3ACE-4725-92DB-9062936FEB00}.Debug|Any CPU.Build.0 = Debug|Any CPU
		{071B2D89-3ACE-4725-92DB-9062936FEB00}.Release|Any CPU.ActiveCfg = Release|Any CPU
		{071B2D89-3ACE-4725-92DB-9062936FEB00}.Release|Any CPU.Build.0 = Release|Any CPU
		{B56024C6-22A1-4C14-BED7-3C967A40EFD6}.Debug|Any CPU.ActiveCfg = Debug|Any CPU
		{B56024C6-22A1-4C14-BED7-3C967A40EFD6}.Debug|Any CPU.Build.0 = Debug|Any CPU
		{B56024C6-22A1-4C14-BED7-3C967A40EFD6}.Release|Any CPU.ActiveCfg = Release|Any CPU
		{B56024C6-22A1-4C14-BED7-3C967A40EFD6}.Release|Any CPU.Build.0 = Release|Any CPU
	EndGlobalSection
EndGlobal
